
Microsoft Visual Studio Solution File, Format Version 12.00
# Visual Studio Version 16
VisualStudioVersion = 16.0.29306.81
MinimumVisualStudioVersion = 10.0.40219.1
Project("{FAE04EC0-301F-11D3-BF4B-00C04F79EFBC}") = "tomcMatijaZadatak1", "tomcMatijaZadatak1\tomcMatijaZadatak1.csproj", "{C25D2B65-D412-4FC1-BBC0-4AAB56A5896D}"
EndProject
Global
	GlobalSection(SolutionConfigurationPlatforms) = preSolution
		Debug|Any CPU = Debug|Any CPU
		Release|Any CPU = Release|Any CPU
	EndGlobalSection
	GlobalSection(ProjectConfigurationPlatforms) = postSolution
		{C25D2B65-D412-4FC1-BBC0-4AAB56A5896D}.Debug|Any CPU.ActiveCfg = Debug|Any CPU
		{C25D2B65-D412-4FC1-BBC0-4AAB56A5896D}.Debug|Any CPU.Build.0 = Debug|Any CPU
		{C25D2B65-D412-4FC1-BBC0-4AAB56A5896D}.Release|Any CPU.ActiveCfg = Release|Any CPU
		{C25D2B65-D412-4FC1-BBC0-4AAB56A5896D}.Release|Any CPU.Build.0 = Release|Any CPU
	EndGlobalSection
	GlobalSection(SolutionProperties) = preSolution
		HideSolutionNode = FALSE
	EndGlobalSection
	GlobalSection(ExtensibilityGlobals) = postSolution
		SolutionGuid = {1F21A1C7-E810-47B7-9BE7-1F9B86911211}
	EndGlobalSection
EndGlobal
